github.com/davecgh/go-spew v1.1.1 h1:vj9j/u1bqnvCEfJOwUhtlOARqs3+rkHYY13jYWTU97c=
github.com/davecgh/go-spew v1.1.1/go.mod h1:J7Y8YcW2NihsgmVo/mv3lAwl/skON4iLHjSsI+c5H38=
github.com/skudasov/go-monorepo-boilerplate/one v1.25.0 h1:ZQLVoZ/KRwhBbR/GoimWldO+dGfx2b+niRraTtYX7ig=
github.com/skudasov/go-monorepo-boilerplate/one v1.25.0/go.mod h1:w98LfPVB8fj+kPF5hNBGpwHhkhttv+ZOD5KzgDz7zuE=
github.com/skudasov/go-monorepo-boilerplate/three v1.1.1 h1:Xu/l5R3AIGAEgHNWDHhLGnSGSfvI2mspjDw7JP9Kli4=
github.com/skudasov/go-monorepo-boilerplate/three v1.1.1/go.mod h1:TZIjRRRQGwHGUls2FucrLfuSSkjK/NOlIj0A5P/tk/s=
github.com/skudasov/go-monorepo-boilerplate/two/v2 v2.0.9 h1:HB780XLA0Uo0c72mLtLYtrASVvUC8Dc6M2i62K9hhzg=
github.com/skudasov/go-monorepo-boilerplate/two/v2 v2.0.9/go.mod h1:YOASeRux2+EDs38zzwGSWUU1MD7ytCcUB8mlxnfN1/s=
github.com/skudasov/go-monorepo-boilerplate/two/v2 v2.1.1 h1:2fpe5n6arXY2AdPTnrd4GjbutKiBt22sfAujjO1PxkY=
github.com/skudasov/go-monorepo-boilerplate/two/v2 v2.1.1/go.mod h1:YOASeRux2+EDs38zzwGSWUU1MD7ytCcUB8mlxnfN1/s=
