github.com/davecgh/go-spew v1.1.1 h1:vj9j/u1bqnvCEfJOwUhtlOARqs3+rkHYY13jYWTU97c=
github.com/davecgh/go-spew v1.1.1/go.mod h1:J7Y8YcW2NihsgmVo/mv3lAwl/skON4iLHjSsI+c5H38=
github.com/skudasov/go-monorepo-boilerplate/one v0.0.0-20240826085050-5febf4d6cdc6 h1:3cC2XQMkA25ns8gDmIQm8B9AOABEsR8ZLscKifO5By0=
github.com/skudasov/go-monorepo-boilerplate/one v0.0.0-20240826085050-5febf4d6cdc6/go.mod h1:w98LfPVB8fj+kPF5hNBGpwHhkhttv+ZOD5KzgDz7zuE=
github.com/skudasov/go-monorepo-boilerplate/one v1.0.0 h1:VsZhAGi/1quZtz4YeSSE/vxthL5zkU5rXjwqZLAy49g=
github.com/skudasov/go-monorepo-boilerplate/one v1.0.0/go.mod h1:w98LfPVB8fj+kPF5hNBGpwHhkhttv+ZOD5KzgDz7zuE=
github.com/skudasov/go-monorepo-boilerplate/one v1.1.0 h1:WChjf4vr3Pw2n6TFcd9Mb0reiZIPN2VP4xOc8UuMoUQ=
github.com/skudasov/go-monorepo-boilerplate/one v1.1.0/go.mod h1:w98LfPVB8fj+kPF5hNBGpwHhkhttv+ZOD5KzgDz7zuE=
github.com/skudasov/go-monorepo-boilerplate/two v0.0.0-20240826085050-5febf4d6cdc6 h1:wAIwvF3dVncruzZQnodeHOS/YQzOrgbm7ojfKBoUqTA=
github.com/skudasov/go-monorepo-boilerplate/two v0.0.0-20240826085050-5febf4d6cdc6/go.mod h1:YFdWKiSl/ilPa0dKcBmAT6Wr7zCwgqQvrqKuUpUaqEs=
github.com/skudasov/go-monorepo-boilerplate/two v1.0.0 h1:m1SE3ZKmLmLn6SDLeD+GQg5EbsuT9X/jVCWUxQGpDi8=
github.com/skudasov/go-monorepo-boilerplate/two v1.0.0/go.mod h1:YFdWKiSl/ilPa0dKcBmAT6Wr7zCwgqQvrqKuUpUaqEs=
